
Microsoft Visual Studio Solution File, Format Version 12.00
# Visual Studio Version 17
VisualStudioVersion = 17.3.32825.248
MinimumVisualStudioVersion = 10.0.40219.1
Project("{FAE04EC0-301F-11D3-BF4B-00C04F79EFBC}") = "proyectoprogra6_api", "proyectoprogra6_api\proyectoprogra6_api.csproj", "{AEB88B9D-7D14-4731-B8F3-482537451E95}"
EndProject
Global
	GlobalSection(SolutionConfigurationPlatforms) = preSolution
		Debug|Any CPU = Debug|Any CPU
		Release|Any CPU = Release|Any CPU
	EndGlobalSection
	GlobalSection(ProjectConfigurationPlatforms) = postSolution
		{AEB88B9D-7D14-4731-B8F3-482537451E95}.Debug|Any CPU.ActiveCfg = Debug|Any CPU
		{AEB88B9D-7D14-4731-B8F3-482537451E95}.Debug|Any CPU.Build.0 = Debug|Any CPU
		{AEB88B9D-7D14-4731-B8F3-482537451E95}.Release|Any CPU.ActiveCfg = Release|Any CPU
		{AEB88B9D-7D14-4731-B8F3-482537451E95}.Release|Any CPU.Build.0 = Release|Any CPU
	EndGlobalSection
	GlobalSection(SolutionProperties) = preSolution
		HideSolutionNode = FALSE
	EndGlobalSection
	GlobalSection(ExtensibilityGlobals) = postSolution
		SolutionGuid = {E7AE71AA-3072-4971-8910-9F38F3BE9747}
	EndGlobalSection
EndGlobal
